
Microsoft Visual Studio Solution File, Format Version 12.00
# Visual Studio Version 17
VisualStudioVersion = 17.9.34701.34
MinimumVisualStudioVersion = 10.0.40219.1
Project("{FAE04EC0-301F-11D3-BF4B-00C04F79EFBC}") = "WebCommerce.UIX", "WebCommerce.UIX\WebCommerce.UIX.csproj", "{2DA09649-F1FC-4A15-A990-8445333F1228}"
EndProject
Global
	GlobalSection(SolutionConfigurationPlatforms) = preSolution
		Debug|Any CPU = Debug|Any CPU
		Release|Any CPU = Release|Any CPU
	EndGlobalSection
	GlobalSection(ProjectConfigurationPlatforms) = postSolution
		{2DA09649-F1FC-4A15-A990-8445333F1228}.Debug|Any CPU.ActiveCfg = Debug|Any CPU
		{2DA09649-F1FC-4A15-A990-8445333F1228}.Debug|Any CPU.Build.0 = Debug|Any CPU
		{2DA09649-F1FC-4A15-A990-8445333F1228}.Release|Any CPU.ActiveCfg = Release|Any CPU
		{2DA09649-F1FC-4A15-A990-8445333F1228}.Release|Any CPU.Build.0 = Release|Any CPU
	EndGlobalSection
	GlobalSection(SolutionProperties) = preSolution
		HideSolutionNode = FALSE
	EndGlobalSection
	GlobalSection(ExtensibilityGlobals) = postSolution
		SolutionGuid = {F70F4907-1BEA-47BF-9E22-BD07B9C11AEC}
	EndGlobalSection
EndGlobal
